
Microsoft Visual Studio Solution File, Format Version 12.00
# Visual Studio Version 16
VisualStudioVersion = 16.0.30503.244
MinimumVisualStudioVersion = 10.0.40219.1
Project("{FAE04EC0-301F-11D3-BF4B-00C04F79EFBC}") = "Лабораторная3_ООП", "Лабораторная3_ООП\Лабораторная3_ООП.csproj", "{694ED6F4-0DCB-4C80-8241-25D581FBB7B6}"
EndProject
Global
	GlobalSection(SolutionConfigurationPlatforms) = preSolution
		Debug|Any CPU = Debug|Any CPU
		Release|Any CPU = Release|Any CPU
	EndGlobalSection
	GlobalSection(ProjectConfigurationPlatforms) = postSolution
		{694ED6F4-0DCB-4C80-8241-25D581FBB7B6}.Debug|Any CPU.ActiveCfg = Debug|Any CPU
		{694ED6F4-0DCB-4C80-8241-25D581FBB7B6}.Debug|Any CPU.Build.0 = Debug|Any CPU
		{694ED6F4-0DCB-4C80-8241-25D581FBB7B6}.Release|Any CPU.ActiveCfg = Release|Any CPU
		{694ED6F4-0DCB-4C80-8241-25D581FBB7B6}.Release|Any CPU.Build.0 = Release|Any CPU
	EndGlobalSection
	GlobalSection(SolutionProperties) = preSolution
		HideSolutionNode = FALSE
	EndGlobalSection
	GlobalSection(ExtensibilityGlobals) = postSolution
		SolutionGuid = {0B9741D4-51E0-4F6C-BE4F-953915A34F67}
	EndGlobalSection
EndGlobal
